
Microsoft Visual Studio Solution File, Format Version 12.00
# Visual Studio 15
VisualStudioVersion = 15.0.28307.271
MinimumVisualStudioVersion = 10.0.40219.1
Project("{FAE04EC0-301F-11D3-BF4B-00C04F79EFBC}") = "WebCorrida", "WebCorrida\WebCorrida.csproj", "{3E4944BE-F43E-44F8-B076-5DE81AECE704}"
EndProject
Project("{FAE04EC0-301F-11D3-BF4B-00C04F79EFBC}") = "WebCorrida.Tests", "WebCorrida.Tests\WebCorrida.Tests.csproj", "{2E422E1F-5EA9-48C8-AEAA-9407F8DC137E}"
EndProject
Global
	GlobalSection(SolutionConfigurationPlatforms) = preSolution
		Debug|Any CPU = Debug|Any CPU
		Release|Any CPU = Release|Any CPU
	EndGlobalSection
	GlobalSection(ProjectConfigurationPlatforms) = postSolution
		{3E4944BE-F43E-44F8-B076-5DE81AECE704}.Debug|Any CPU.ActiveCfg = Debug|Any CPU
		{3E4944BE-F43E-44F8-B076-5DE81AECE704}.Debug|Any CPU.Build.0 = Debug|Any CPU
		{3E4944BE-F43E-44F8-B076-5DE81AECE704}.Release|Any CPU.ActiveCfg = Release|Any CPU
		{3E4944BE-F43E-44F8-B076-5DE81AECE704}.Release|Any CPU.Build.0 = Release|Any CPU
		{2E422E1F-5EA9-48C8-AEAA-9407F8DC137E}.Debug|Any CPU.ActiveCfg = Debug|Any CPU
		{2E422E1F-5EA9-48C8-AEAA-9407F8DC137E}.Debug|Any CPU.Build.0 = Debug|Any CPU
		{2E422E1F-5EA9-48C8-AEAA-9407F8DC137E}.Release|Any CPU.ActiveCfg = Release|Any CPU
		{2E422E1F-5EA9-48C8-AEAA-9407F8DC137E}.Release|Any CPU.Build.0 = Release|Any CPU
	EndGlobalSection
	GlobalSection(SolutionProperties) = preSolution
		HideSolutionNode = FALSE
	EndGlobalSection
	GlobalSection(ExtensibilityGlobals) = postSolution
		SolutionGuid = {2A733A3A-4C91-4968-88EE-B5D30F358E44}
	EndGlobalSection
EndGlobal
